// !$*UTF8*$!
{
	archiveVersion = 1;
	classes = {
	};
	objectVersion = 46;
	objects = {

/* Begin PBXBuildFile section */
		591CACE31662ED4300731DED /* 1.png in Resources */ = {isa = PBXBuildFile; fileRef = 591CACC91662ED4300731DED /* 1.png */; };
		591CACE41662ED4300731DED /* 10.png in Resources */ = {isa = PBXBuildFile; fileRef = 591CACCA1662ED4300731DED /* 10.png */; };
		591CACE51662ED4300731DED /* 11.png in Resources */ = {isa = PBXBuildFile; fileRef = 591CACCB1662ED4300731DED /* 11.png */; };
		591CACE61662ED4300731DED /* 12.png in Resources */ = {isa = PBXBuildFile; fileRef = 591CACCC1662ED4300731DED /* 12.png */; };
		591CACE71662ED4300731DED /* 13.png in Resources */ = {isa = PBXBuildFile; fileRef = 591CACCD1662ED4300731DED /* 13.png */; };
		591CACE81662ED4300731DED /* 14.png in Resources */ = {isa = PBXBuildFile; fileRef = 591CACCE1662ED4300731DED /* 14.png */; };
		591CACE91662ED4300731DED /* 15.png in Resources */ = {isa = PBXBuildFile; fileRef = 591CACCF1662ED4300731DED /* 15.png */; };
		591CACEA1662ED4300731DED /* 16.png in Resources */ = {isa = PBXBuildFile; fileRef = 591CACD01662ED4300731DED /* 16.png */; };
		591CACEB1662ED4300731DED /* 2.png in Resources */ = {isa = PBXBuildFile; fileRef = 591CACD11662ED4300731DED /* 2.png */; };
		591CACEC1662ED4300731DED /* 3.png in Resources */ = {isa = PBXBuildFile; fileRef = 591CACD21662ED4300731DED /* 3.png */; };
		591CACED1662ED4300731DED /* 4.png in Resources */ = {isa = PBXBuildFile; fileRef = 591CACD31662ED4300731DED /* 4.png */; };
		591CACEE1662ED4300731DED /* 5.png in Resources */ = {isa = PBXBuildFile; fileRef = 591CACD41662ED4300731DED /* 5.png */; };
		591CACEF1662ED4300731DED /* 6.png in Resources */ = {isa = PBXBuildFile; fileRef = 591CACD51662ED4300731DED /* 6.png */; };
		591CACF01662ED4300731DED /* 7.png in Resources */ = {isa = PBXBuildFile; fileRef = 591CACD61662ED4300731DED /* 7.png */; };
		591CACF11662ED4300731DED /* 8.png in Resources */ = {isa = PBXBuildFile; fileRef = 591CACD71662ED4300731DED /* 8.png */; };
		591CACF21662ED4300731DED /* 9.png in Resources */ = {isa = PBXBuildFile; fileRef = 591CACD81662ED4300731DED /* 9.png */; };
		5946D9391662C99E0009FF0E /* UIKit.framework in Frameworks */ = {isa = PBXBuildFile; fileRef = 987021E2158271F10015FB5E /* UIKit.framework */; };
		5946D93A1662C99E0009FF0E /* Foundation.framework in Frameworks */ = {isa = PBXBuildFile; fileRef = 987021E4158271F10015FB5E /* Foundation.framework */; };
		5946D93B1662C99E0009FF0E /* CoreGraphics.framework in Frameworks */ = {isa = PBXBuildFile; fileRef = 987021E6158271F10015FB5E /* CoreGraphics.framework */; };
		5946D95B1662CA080009FF0E /* BBViewController.m in Sources */ = {isa = PBXBuildFile; fileRef = 5936D550165F102E009CAA5A /* BBViewController.m */; };
		5946D95C1662CA080009FF0E /* BBTableViewInterceptor.m in Sources */ = {isa = PBXBuildFile; fileRef = 5936D58F1662AB47009CAA5A /* BBTableViewInterceptor.m */; };
		5946D95D1662CA080009FF0E /* BBCell.m in Sources */ = {isa = PBXBuildFile; fileRef = 5936D549165F1001009CAA5A /* BBCell.m */; };
		5946D95E1662CA080009FF0E /* BBTableView.m in Sources */ = {isa = PBXBuildFile; fileRef = 5936D54B165F1001009CAA5A /* BBTableView.m */; };
		5946D95F1662CA080009FF0E /* BBAppDelegate.m in Sources */ = {isa = PBXBuildFile; fileRef = 987021F2158271F10015FB5E /* BBAppDelegate.m */; };
		5946D9711662CA440009FF0E /* QuartzCore.framework in Frameworks */ = {isa = PBXBuildFile; fileRef = 987022021582ADAB0015FB5E /* QuartzCore.framework */; };
		59DF7CCE1662EE29002B6D20 /* Default-568h@2x.png in Resources */ = {isa = PBXBuildFile; fileRef = 59DF7CCD1662EE29002B6D20 /* Default-568h@2x.png */; };
		59DF7CCF1662EEF6002B6D20 /* main.m in Sources */ = {isa = PBXBuildFile; fileRef = 987021EE158271F10015FB5E /* main.m */; };
		59DF7CD01662EF4B002B6D20 /* BBViewController_iPad.xib in Resources */ = {isa = PBXBuildFile; fileRef = 591CACDB1662ED4300731DED /* BBViewController_iPad.xib */; };
		59DF7CD11662EF4B002B6D20 /* BBViewController_iPhone.xib in Resources */ = {isa = PBXBuildFile; fileRef = 591CACDF1662ED4300731DED /* BBViewController_iPhone.xib */; };
		59DF7CD41662F113002B6D20 /* data.plist in Resources */ = {isa = PBXBuildFile; fileRef = 59DF7CD31662F113002B6D20 /* data.plist */; };
/* End PBXBuildFile section */

/* Begin PBXFileReference section */
		591CACC91662ED4300731DED /* 1.png */ = {isa = PBXFileReference; lastKnownFileType = image.png; path = 1.png; sourceTree = "<group>"; };
		591CACCA1662ED4300731DED /* 10.png */ = {isa = PBXFileReference; lastKnownFileType = image.png; path = 10.png; sourceTree = "<group>"; };
		591CACCB1662ED4300731DED /* 11.png */ = {isa = PBXFileReference; lastKnownFileType = image.png; path = 11.png; sourceTree = "<group>"; };
		591CACCC1662ED4300731DED /* 12.png */ = {isa = PBXFileReference; lastKnownFileType = image.png; path = 12.png; sourceTree = "<group>"; };
		591CACCD1662ED4300731DED /* 13.png */ = {isa = PBXFileReference; lastKnownFileType = image.png; path = 13.png; sourceTree = "<group>"; };
		591CACCE1662ED4300731DED /* 14.png */ = {isa = PBXFileReference; lastKnownFileType = image.png; path = 14.png; sourceTree = "<group>"; };
		591CACCF1662ED4300731DED /* 15.png */ = {isa = PBXFileReference; lastKnownFileType = image.png; path = 15.png; sourceTree = "<group>"; };
		591CACD01662ED4300731DED /* 16.png */ = {isa = PBXFileReference; lastKnownFileType = image.png; path = 16.png; sourceTree = "<group>"; };
		591CACD11662ED4300731DED /* 2.png */ = {isa = PBXFileReference; lastKnownFileType = image.png; path = 2.png; sourceTree = "<group>"; };
		591CACD21662ED4300731DED /* 3.png */ = {isa = PBXFileReference; lastKnownFileType = image.png; path = 3.png; sourceTree = "<group>"; };
		591CACD31662ED4300731DED /* 4.png */ = {isa = PBXFileReference; lastKnownFileType = image.png; path = 4.png; sourceTree = "<group>"; };
		591CACD41662ED4300731DED /* 5.png */ = {isa = PBXFileReference; lastKnownFileType = image.png; path = 5.png; sourceTree = "<group>"; };
		591CACD51662ED4300731DED /* 6.png */ = {isa = PBXFileReference; lastKnownFileType = image.png; path = 6.png; sourceTree = "<group>"; };
		591CACD61662ED4300731DED /* 7.png */ = {isa = PBXFileReference; lastKnownFileType = image.png; path = 7.png; sourceTree = "<group>"; };
		591CACD71662ED4300731DED /* 8.png */ = {isa = PBXFileReference; lastKnownFileType = image.png; path = 8.png; sourceTree = "<group>"; };
		591CACD81662ED4300731DED /* 9.png */ = {isa = PBXFileReference; lastKnownFileType = image.png; path = 9.png; sourceTree = "<group>"; };
		591CACDC1662ED4300731DED /* en */ = {isa = PBXFileReference; lastKnownFileType = file.xib; name = en; path = en.lproj/BBViewController_iPad.xib; sourceTree = "<group>"; };
		591CACE01662ED4300731DED /* en */ = {isa = PBXFileReference; lastKnownFileType = file.xib; name = en; path = en.lproj/BBViewController_iPhone.xib; sourceTree = "<group>"; };
		5936D548165F1001009CAA5A /* BBCell.h */ = {isa = PBXFileReference; fileEncoding = 4; lastKnownFileType = sourcecode.c.h; path = BBCell.h; sourceTree = "<group>"; };
		5936D549165F1001009CAA5A /* BBCell.m */ = {isa = PBXFileReference; fileEncoding = 4; lastKnownFileType = sourcecode.c.objc; path = BBCell.m; sourceTree = "<group>"; };
		5936D54A165F1001009CAA5A /* BBTableView.h */ = {isa = PBXFileReference; fileEncoding = 4; lastKnownFileType = sourcecode.c.h; path = BBTableView.h; sourceTree = "<group>"; };
		5936D54B165F1001009CAA5A /* BBTableView.m */ = {isa = PBXFileReference; fileEncoding = 4; lastKnownFileType = sourcecode.c.objc; path = BBTableView.m; sourceTree = "<group>"; };
		5936D54F165F102E009CAA5A /* BBViewController.h */ = {isa = PBXFileReference; fileEncoding = 4; lastKnownFileType = sourcecode.c.h; path = BBViewController.h; sourceTree = "<group>"; };
		5936D550165F102E009CAA5A /* BBViewController.m */ = {isa = PBXFileReference; fileEncoding = 4; lastKnownFileType = sourcecode.c.objc; path = BBViewController.m; sourceTree = "<group>"; };
		5936D58E1662AB47009CAA5A /* BBTableViewInterceptor.h */ = {isa = PBXFileReference; fileEncoding = 4; lastKnownFileType = sourcecode.c.h; path = BBTableViewInterceptor.h; sourceTree = "<group>"; };
		5936D58F1662AB47009CAA5A /* BBTableViewInterceptor.m */ = {isa = PBXFileReference; fileEncoding = 4; lastKnownFileType = sourcecode.c.objc; path = BBTableViewInterceptor.m; sourceTree = "<group>"; };
		5946D9371662C99E0009FF0E /* CircleView.app */ = {isa = PBXFileReference; explicitFileType = wrapper.application; includeInIndex = 0; path = CircleView.app; sourceTree = BUILT_PRODUCTS_DIR; };
		59DF7CCD1662EE29002B6D20 /* Default-568h@2x.png */ = {isa = PBXFileReference; lastKnownFileType = image.png; path = "Default-568h@2x.png"; sourceTree = "<group>"; };
		59DF7CD31662F113002B6D20 /* data.plist */ = {isa = PBXFileReference; fileEncoding = 4; lastKnownFileType = text.plist.xml; path = data.plist; sourceTree = "<group>"; };
		987021E2158271F10015FB5E /* UIKit.framework */ = {isa = PBXFileReference; lastKnownFileType = wrapper.framework; name = UIKit.framework; path = System/Library/Frameworks/UIKit.framework; sourceTree = SDKROOT; };
		987021E4158271F10015FB5E /* Foundation.framework */ = {isa = PBXFileReference; lastKnownFileType = wrapper.framework; name = Foundation.framework; path = System/Library/Frameworks/Foundation.framework; sourceTree = SDKROOT; };
		987021E6158271F10015FB5E /* CoreGraphics.framework */ = {isa = PBXFileReference; lastKnownFileType = wrapper.framework; name = CoreGraphics.framework; path = System/Library/Frameworks/CoreGraphics.framework; sourceTree = SDKROOT; };
		987021EA158271F10015FB5E /* CircleView-Info.plist */ = {isa = PBXFileReference; lastKnownFileType = text.plist.xml; name = "CircleView-Info.plist"; path = "../CircleView/CircleView-Info.plist"; sourceTree = "<group>"; };
		987021EC158271F10015FB5E /* en */ = {isa = PBXFileReference; lastKnownFileType = text.plist.strings; name = en; path = en.lproj/InfoPlist.strings; sourceTree = "<group>"; };
		987021EE158271F10015FB5E /* main.m */ = {isa = PBXFileReference; lastKnownFileType = sourcecode.c.objc; path = main.m; sourceTree = "<group>"; };
		987021F0158271F10015FB5E /* CircleView-Prefix.pch */ = {isa = PBXFileReference; lastKnownFileType = sourcecode.c.h; path = "CircleView-Prefix.pch"; sourceTree = "<group>"; };
		987021F1158271F10015FB5E /* BBAppDelegate.h */ = {isa = PBXFileReference; lastKnownFileType = sourcecode.c.h; path = BBAppDelegate.h; sourceTree = "<group>"; };
		987021F2158271F10015FB5E /* BBAppDelegate.m */ = {isa = PBXFileReference; lastKnownFileType = sourcecode.c.objc; path = BBAppDelegate.m; sourceTree = "<group>"; };
		987022021582ADAB0015FB5E /* QuartzCore.framework */ = {isa = PBXFileReference; lastKnownFileType = wrapper.framework; name = QuartzCore.framework; path = System/Library/Frameworks/QuartzCore.framework; sourceTree = SDKROOT; };
/* End PBXFileReference section */

/* Begin PBXFrameworksBuildPhase section */
		5946D9341662C99E0009FF0E /* Frameworks */ = {
			isa = PBXFrameworksBuildPhase;
			buildActionMask = 2147483647;
			files = (
				5946D9711662CA440009FF0E /* QuartzCore.framework in Frameworks */,
				5946D9391662C99E0009FF0E /* UIKit.framework in Frameworks */,
				5946D93A1662C99E0009FF0E /* Foundation.framework in Frameworks */,
				5946D93B1662C99E0009FF0E /* CoreGraphics.framework in Frameworks */,
			);
			runOnlyForDeploymentPostprocessing = 0;
		};
/* End PBXFrameworksBuildPhase section */

/* Begin PBXGroup section */
		591CACC61662ED4300731DED /* Resources */ = {
			isa = PBXGroup;
			children = (
				987021EB158271F10015FB5E /* InfoPlist.strings */,
				987021EA158271F10015FB5E /* CircleView-Info.plist */,
				591CACC71662ED4300731DED /* Common */,
				591CACD91662ED4300731DED /* Resources-iPad */,
				591CACDD1662ED4300731DED /* Resources-iPhone */,
			);
			path = Resources;
			sourceTree = "<group>";
		};
		591CACC71662ED4300731DED /* Common */ = {
			isa = PBXGroup;
			children = (
				59DF7CD21662F113002B6D20 /* Plist */,
				591CACC81662ED4300731DED /* images */,
			);
			path = Common;
			sourceTree = "<group>";
		};
		591CACC81662ED4300731DED /* images */ = {
			isa = PBXGroup;
			children = (
				591CACC91662ED4300731DED /* 1.png */,
				591CACCA1662ED4300731DED /* 10.png */,
				591CACCB1662ED4300731DED /* 11.png */,
				591CACCC1662ED4300731DED /* 12.png */,
				591CACCD1662ED4300731DED /* 13.png */,
				591CACCE1662ED4300731DED /* 14.png */,
				591CACCF1662ED4300731DED /* 15.png */,
				591CACD01662ED4300731DED /* 16.png */,
				591CACD11662ED4300731DED /* 2.png */,
				591CACD21662ED4300731DED /* 3.png */,
				591CACD31662ED4300731DED /* 4.png */,
				591CACD41662ED4300731DED /* 5.png */,
				591CACD51662ED4300731DED /* 6.png */,
				591CACD61662ED4300731DED /* 7.png */,
				591CACD71662ED4300731DED /* 8.png */,
				591CACD81662ED4300731DED /* 9.png */,
			);
			path = images;
			sourceTree = "<group>";
		};
		591CACD91662ED4300731DED /* Resources-iPad */ = {
			isa = PBXGroup;
			children = (
				591CACDA1662ED4300731DED /* DemoviewController */,
			);
			path = "Resources-iPad";
			sourceTree = "<group>";
		};
		591CACDA1662ED4300731DED /* DemoviewController */ = {
			isa = PBXGroup;
			children = (
				591CACDB1662ED4300731DED /* BBViewController_iPad.xib */,
			);
			path = DemoviewController;
			sourceTree = "<group>";
		};
		591CACDD1662ED4300731DED /* Resources-iPhone */ = {
			isa = PBXGroup;
			children = (
				591CACDE1662ED4300731DED /* DemoViewController */,
			);
			path = "Resources-iPhone";
			sourceTree = "<group>";
		};
		591CACDE1662ED4300731DED /* DemoViewController */ = {
			isa = PBXGroup;
			children = (
				591CACDF1662ED4300731DED /* BBViewController_iPhone.xib */,
			);
			path = DemoViewController;
			sourceTree = "<group>";
		};
		5936D546165F1001009CAA5A /* BBTableView */ = {
			isa = PBXGroup;
			children = (
				5936D58D1662AB47009CAA5A /* Interceptor */,
				5936D547165F1001009CAA5A /* BBCell */,
				5936D54A165F1001009CAA5A /* BBTableView.h */,
				5936D54B165F1001009CAA5A /* BBTableView.m */,
			);
			path = BBTableView;
			sourceTree = "<group>";
		};
		5936D547165F1001009CAA5A /* BBCell */ = {
			isa = PBXGroup;
			children = (
				5936D548165F1001009CAA5A /* BBCell.h */,
				5936D549165F1001009CAA5A /* BBCell.m */,
			);
			path = BBCell;
			sourceTree = "<group>";
		};
		5936D54E165F102E009CAA5A /* DemoViewController */ = {
			isa = PBXGroup;
			children = (
				5936D54F165F102E009CAA5A /* BBViewController.h */,
				5936D550165F102E009CAA5A /* BBViewController.m */,
			);
			path = DemoViewController;
			sourceTree = "<group>";
		};
		5936D58D1662AB47009CAA5A /* Interceptor */ = {
			isa = PBXGroup;
			children = (
				5936D58E1662AB47009CAA5A /* BBTableViewInterceptor.h */,
				5936D58F1662AB47009CAA5A /* BBTableViewInterceptor.m */,
			);
			path = Interceptor;
			sourceTree = "<group>";
		};
		59DF7CD21662F113002B6D20 /* Plist */ = {
			isa = PBXGroup;
			children = (
				59DF7CD31662F113002B6D20 /* data.plist */,
			);
			path = Plist;
			sourceTree = "<group>";
		};
		987021D3158271F10015FB5E = {
			isa = PBXGroup;
			children = (
				59DF7CCD1662EE29002B6D20 /* Default-568h@2x.png */,
				591CACC61662ED4300731DED /* Resources */,
				987021E8158271F10015FB5E /* CircleView */,
				987021E1158271F10015FB5E /* Frameworks */,
				987021DF158271F10015FB5E /* Products */,
			);
			sourceTree = "<group>";
		};
		987021DF158271F10015FB5E /* Products */ = {
			isa = PBXGroup;
			children = (
				5946D9371662C99E0009FF0E /* CircleView.app */,
			);
			name = Products;
			sourceTree = "<group>";
		};
		987021E1158271F10015FB5E /* Frameworks */ = {
			isa = PBXGroup;
			children = (
				987022021582ADAB0015FB5E /* QuartzCore.framework */,
				987021E2158271F10015FB5E /* UIKit.framework */,
				987021E4158271F10015FB5E /* Foundation.framework */,
				987021E6158271F10015FB5E /* CoreGraphics.framework */,
			);
			name = Frameworks;
			sourceTree = "<group>";
		};
		987021E8158271F10015FB5E /* CircleView */ = {
			isa = PBXGroup;
			children = (
				987021EE158271F10015FB5E /* main.m */,
				987021F0158271F10015FB5E /* CircleView-Prefix.pch */,
				5936D54E165F102E009CAA5A /* DemoViewController */,
				5936D546165F1001009CAA5A /* BBTableView */,
				987021F1158271F10015FB5E /* BBAppDelegate.h */,
				987021F2158271F10015FB5E /* BBAppDelegate.m */,
			);
			path = CircleView;
			sourceTree = "<group>";
		};
/* End PBXGroup section */

/* Begin PBXNativeTarget section */
		5946D9361662C99E0009FF0E /* CircleView */ = {
			isa = PBXNativeTarget;
			buildConfigurationList = 5946D9591662C99E0009FF0E /* Build configuration list for PBXNativeTarget "CircleView" */;
			buildPhases = (
				5946D9331662C99E0009FF0E /* Sources */,
				5946D9341662C99E0009FF0E /* Frameworks */,
				5946D9351662C99E0009FF0E /* Resources */,
			);
			buildRules = (
			);
			dependencies = (
			);
			name = CircleView;
			productName = "CircleView-Universal";
			productReference = 5946D9371662C99E0009FF0E /* CircleView.app */;
			productType = "com.apple.product-type.application";
		};
/* End PBXNativeTarget section */

/* Begin PBXProject section */
		987021D5158271F10015FB5E /* Project object */ = {
			isa = PBXProject;
			attributes = {
				CLASSPREFIX = BB;
				LastUpgradeCheck = 0430;
				ORGANIZATIONNAME = "Integral Development Corporation";
			};
			buildConfigurationList = 987021D8158271F10015FB5E /* Build configuration list for PBXProject "CircleView" */;
			compatibilityVersion = "Xcode 3.2";
			developmentRegion = English;
			hasScannedForEncodings = 0;
			knownRegions = (
				en,
			);
			mainGroup = 987021D3158271F10015FB5E;
			productRefGroup = 987021DF158271F10015FB5E /* Products */;
			projectDirPath = "";
			projectRoot = "";
			targets = (
				5946D9361662C99E0009FF0E /* CircleView */,
			);
		};
/* End PBXProject section */

/* Begin PBXResourcesBuildPhase section */
		5946D9351662C99E0009FF0E /* Resources */ = {
			isa = PBXResourcesBuildPhase;
			buildActionMask = 2147483647;
			files = (
				59DF7CD01662EF4B002B6D20 /* BBViewController_iPad.xib in Resources */,
				59DF7CD11662EF4B002B6D20 /* BBViewController_iPhone.xib in Resources */,
				591CACE31662ED4300731DED /* 1.png in Resources */,
				591CACE41662ED4300731DED /* 10.png in Resources */,
				591CACE51662ED4300731DED /* 11.png in Resources */,
				591CACE61662ED4300731DED /* 12.png in Resources */,
				591CACE71662ED4300731DED /* 13.png in Resources */,
				591CACE81662ED4300731DED /* 14.png in Resources */,
				591CACE91662ED4300731DED /* 15.png in Resources */,
				591CACEA1662ED4300731DED /* 16.png in Resources */,
				591CACEB1662ED4300731DED /* 2.png in Resources */,
				591CACEC1662ED4300731DED /* 3.png in Resources */,
				591CACED1662ED4300731DED /* 4.png in Resources */,
				591CACEE1662ED4300731DED /* 5.png in Resources */,
				591CACEF1662ED4300731DED /* 6.png in Resources */,
				591CACF01662ED4300731DED /* 7.png in Resources */,
				591CACF11662ED4300731DED /* 8.png in Resources */,
				591CACF21662ED4300731DED /* 9.png in Resources */,
				59DF7CCE1662EE29002B6D20 /* Default-568h@2x.png in Resources */,
				59DF7CD41662F113002B6D20 /* data.plist in Resources */,
			);
			runOnlyForDeploymentPostprocessing = 0;
		};
/* End PBXResourcesBuildPhase section */

/* Begin PBXSourcesBuildPhase section */
		5946D9331662C99E0009FF0E /* Sources */ = {
			isa = PBXSourcesBuildPhase;
			buildActionMask = 2147483647;
			files = (
				59DF7CCF1662EEF6002B6D20 /* main.m in Sources */,
				5946D95B1662CA080009FF0E /* BBViewController.m in Sources */,
				5946D95C1662CA080009FF0E /* BBTableViewInterceptor.m in Sources */,
				5946D95D1662CA080009FF0E /* BBCell.m in Sources */,
				5946D95E1662CA080009FF0E /* BBTableView.m in Sources */,
				5946D95F1662CA080009FF0E /* BBAppDelegate.m in Sources */,
			);
			runOnlyForDeploymentPostprocessing = 0;
		};
/* End PBXSourcesBuildPhase section */

/* Begin PBXVariantGroup section */
		591CACDB1662ED4300731DED /* BBViewController_iPad.xib */ = {
			isa = PBXVariantGroup;
			children = (
				591CACDC1662ED4300731DED /* en */,
			);
			name = BBViewController_iPad.xib;
			sourceTree = "<group>";
		};
		591CACDF1662ED4300731DED /* BBViewController_iPhone.xib */ = {
			isa = PBXVariantGroup;
			children = (
				591CACE01662ED4300731DED /* en */,
			);
			name = BBViewController_iPhone.xib;
			sourceTree = "<group>";
		};
		987021EB158271F10015FB5E /* InfoPlist.strings */ = {
			isa = PBXVariantGroup;
			children = (
				987021EC158271F10015FB5E /* en */,
			);
			name = InfoPlist.strings;
			path = ../CircleView;
			sourceTree = "<group>";
		};
/* End PBXVariantGroup section */

/* Begin XCBuildConfiguration section */
		5946D9571662C99E0009FF0E /* Debug */ = {
			isa = XCBuildConfiguration;
			buildSettings = {
				CLANG_CXX_LANGUAGE_STANDARD = "gnu++0x";
				CLANG_CXX_LIBRARY = "libc++";
				CLANG_WARN_EMPTY_BODY = YES;
				CLANG_WARN__DUPLICATE_METHOD_MATCH = YES;
				"CODE_SIGN_IDENTITY[sdk=iphoneos*]" = "iPhone Developer";
				GCC_PRECOMPILE_PREFIX_HEADER = YES;
				GCC_PREFIX_HEADER = "CircleView/CircleView-Prefix.pch";
				INFOPLIST_FILE = "$(SRCROOT)/CircleView/CircleView-Info.plist";
				IPHONEOS_DEPLOYMENT_TARGET = 5.0;
				ONLY_ACTIVE_ARCH = NO;
				PRODUCT_NAME = "$(TARGET_NAME)";
				TARGETED_DEVICE_FAMILY = "1,2";
				WRAPPER_EXTENSION = app;
			};
			name = Debug;
		};
		5946D9581662C99E0009FF0E /* Release */ = {
			isa = XCBuildConfiguration;
			buildSettings = {
				CLANG_CXX_LANGUAGE_STANDARD = "gnu++0x";
				CLANG_CXX_LIBRARY = "libc++";
				CLANG_WARN_EMPTY_BODY = YES;
				CLANG_WARN__DUPLICATE_METHOD_MATCH = YES;
				"CODE_SIGN_IDENTITY[sdk=iphoneos*]" = "iPhone Developer";
				GCC_PRECOMPILE_PREFIX_HEADER = YES;
				GCC_PREFIX_HEADER = "CircleView/CircleView-Prefix.pch";
				INFOPLIST_FILE = "$(SRCROOT)/CircleView/CircleView-Info.plist";
				IPHONEOS_DEPLOYMENT_TARGET = 5.0;
				ONLY_ACTIVE_ARCH = NO;
				PRODUCT_NAME = "$(TARGET_NAME)";
				TARGETED_DEVICE_FAMILY = "1,2";
				WRAPPER_EXTENSION = app;
			};
			name = Release;
		};
		987021FA158271F10015FB5E /* Debug */ = {
			isa = XCBuildConfiguration;
			buildSettings = {
				ALWAYS_SEARCH_USER_PATHS = NO;
				ARCHS = "$(ARCHS_STANDARD_32_BIT)";
				CLANG_ENABLE_OBJC_ARC = YES;
				"CODE_SIGN_IDENTITY[sdk=iphoneos*]" = "iPhone Developer: Bharath Booshan (5W67947CCL)";
				COPY_PHASE_STRIP = NO;
				GCC_C_LANGUAGE_STANDARD = gnu99;
				GCC_DYNAMIC_NO_PIC = NO;
				GCC_OPTIMIZATION_LEVEL = 0;
				GCC_PREPROCESSOR_DEFINITIONS = (
					"DEBUG=1",
					"$(inherited)",
				);
				GCC_SYMBOLS_PRIVATE_EXTERN = NO;
				GCC_VERSION = com.apple.compilers.llvm.clang.1_0;
				GCC_WARN_ABOUT_RETURN_TYPE = YES;
				GCC_WARN_UNINITIALIZED_AUTOS = YES;
				GCC_WARN_UNUSED_VARIABLE = YES;
				IPHONEOS_DEPLOYMENT_TARGET = 5.1;
				"PROVISIONING_PROFILE[sdk=iphoneos*]" = "11B7C411-61D3-4C00-8071-6E6A10E85C23";
				SDKROOT = iphoneos;
			};
			name = Debug;
		};
		987021FB158271F10015FB5E /* Release */ = {
			isa = XCBuildConfiguration;
			buildSettings = {
				ALWAYS_SEARCH_USER_PATHS = NO;
				ARCHS = "$(ARCHS_STANDARD_32_BIT)";
				CLANG_ENABLE_OBJC_ARC = YES;
				"CODE_SIGN_IDENTITY[sdk=iphoneos*]" = "iPhone Developer: Bharath Booshan (5W67947CCL)";
				COPY_PHASE_STRIP = YES;
				GCC_C_LANGUAGE_STANDARD = gnu99;
				GCC_VERSION = com.apple.compilers.llvm.clang.1_0;
				GCC_WARN_ABOUT_RETURN_TYPE = YES;
				GCC_WARN_UNINITIALIZED_AUTOS = YES;
				GCC_WARN_UNUSED_VARIABLE = YES;
				IPHONEOS_DEPLOYMENT_TARGET = 5.1;
				OTHER_CFLAGS = "-DNS_BLOCK_ASSERTIONS=1";
				"PROVISIONING_PROFILE[sdk=iphoneos*]" = "11B7C411-61D3-4C00-8071-6E6A10E85C23";
				SDKROOT = iphoneos;
				VALIDATE_PRODUCT = YES;
			};
			name = Release;
		};
/* End XCBuildConfiguration section */

/* Begin XCConfigurationList section */
		5946D9591662C99E0009FF0E /* Build configuration list for PBXNativeTarget "CircleView" */ = {
			isa = XCConfigurationList;
			buildConfigurations = (
				5946D9571662C99E0009FF0E /* Debug */,
				5946D9581662C99E0009FF0E /* Release */,
			);
			defaultConfigurationIsVisible = 0;
			defaultConfigurationName = Release;
		};
		987021D8158271F10015FB5E /* Build configuration list for PBXProject "CircleView" */ = {
			isa = XCConfigurationList;
			buildConfigurations = (
				987021FA158271F10015FB5E /* Debug */,
				987021FB158271F10015FB5E /* Release */,
			);
			defaultConfigurationIsVisible = 0;
			defaultConfigurationName = Release;
		};
/* End XCConfigurationList section */
	};
	rootObject = 987021D5158271F10015FB5E /* Project object */;
}
